// !$*UTF8*$!
{
	archiveVersion = 1;
	classes = {
	};
	objectVersion = 56;
	objects = {

/* Begin PBXBuildFile section */
		C5FE1CE2296FC193008F888D /* NotasApp.swift in Sources */ = {isa = PBXBuildFile; fileRef = C5FE1CE1296FC193008F888D /* NotasApp.swift */; };
		C5FE1CE4296FC193008F888D /* Persistence.swift in Sources */ = {isa = PBXBuildFile; fileRef = C5FE1CE3296FC193008F888D /* Persistence.swift */; };
		C5FE1CE7296FC193008F888D /* Notas.xcdatamodeld in Sources */ = {isa = PBXBuildFile; fileRef = C5FE1CE5296FC193008F888D /* Notas.xcdatamodeld */; };
		C5FE1CE9296FC193008F888D /* ContentView.swift in Sources */ = {isa = PBXBuildFile; fileRef = C5FE1CE8296FC193008F888D /* ContentView.swift */; };
		C5FE1CEB296FC195008F888D /* Assets.xcassets in Resources */ = {isa = PBXBuildFile; fileRef = C5FE1CEA296FC195008F888D /* Assets.xcassets */; };
		C5FE1CEF296FC195008F888D /* Preview Assets.xcassets in Resources */ = {isa = PBXBuildFile; fileRef = C5FE1CEE296FC195008F888D /* Preview Assets.xcassets */; };
		C5FE1CF8296FC262008F888D /* ViewModel.swift in Sources */ = {isa = PBXBuildFile; fileRef = C5FE1CF7296FC262008F888D /* ViewModel.swift */; };
		C5FE1CFA296FC2E8008F888D /* Home.swift in Sources */ = {isa = PBXBuildFile; fileRef = C5FE1CF9296FC2E8008F888D /* Home.swift */; };
		C5FE1CFC296FC30D008F888D /* addView.swift in Sources */ = {isa = PBXBuildFile; fileRef = C5FE1CFB296FC30D008F888D /* addView.swift */; };
/* End PBXBuildFile section */

/* Begin PBXFileReference section */
		C5FE1CDE296FC193008F888D /* Notas.app */ = {isa = PBXFileReference; explicitFileType = wrapper.application; includeInIndex = 0; path = Notas.app; sourceTree = BUILT_PRODUCTS_DIR; };
		C5FE1CE1296FC193008F888D /* NotasApp.swift */ = {isa = PBXFileReference; lastKnownFileType = sourcecode.swift; path = NotasApp.swift; sourceTree = "<group>"; };
		C5FE1CE3296FC193008F888D /* Persistence.swift */ = {isa = PBXFileReference; lastKnownFileType = sourcecode.swift; path = Persistence.swift; sourceTree = "<group>"; };
		C5FE1CE6296FC193008F888D /* Notas.xcdatamodel */ = {isa = PBXFileReference; lastKnownFileType = wrapper.xcdatamodel; path = Notas.xcdatamodel; sourceTree = "<group>"; };
		C5FE1CE8296FC193008F888D /* ContentView.swift */ = {isa = PBXFileReference; lastKnownFileType = sourcecode.swift; path = ContentView.swift; sourceTree = "<group>"; };
		C5FE1CEA296FC195008F888D /* Assets.xcassets */ = {isa = PBXFileReference; lastKnownFileType = folder.assetcatalog; path = Assets.xcassets; sourceTree = "<group>"; };
		C5FE1CEC296FC195008F888D /* Notas.entitlements */ = {isa = PBXFileReference; lastKnownFileType = text.plist.entitlements; path = Notas.entitlements; sourceTree = "<group>"; };
		C5FE1CEE296FC195008F888D /* Preview Assets.xcassets */ = {isa = PBXFileReference; lastKnownFileType = folder.assetcatalog; path = "Preview Assets.xcassets"; sourceTree = "<group>"; };
		C5FE1CF7296FC262008F888D /* ViewModel.swift */ = {isa = PBXFileReference; lastKnownFileType = sourcecode.swift; path = ViewModel.swift; sourceTree = "<group>"; };
		C5FE1CF9296FC2E8008F888D /* Home.swift */ = {isa = PBXFileReference; lastKnownFileType = sourcecode.swift; path = Home.swift; sourceTree = "<group>"; };
		C5FE1CFB296FC30D008F888D /* addView.swift */ = {isa = PBXFileReference; lastKnownFileType = sourcecode.swift; path = addView.swift; sourceTree = "<group>"; };
/* End PBXFileReference section */

/* Begin PBXFrameworksBuildPhase section */
		C5FE1CDB296FC193008F888D /* Frameworks */ = {
			isa = PBXFrameworksBuildPhase;
			buildActionMask = 2147483647;
			files = (
			);
			runOnlyForDeploymentPostprocessing = 0;
		};
/* End PBXFrameworksBuildPhase section */

/* Begin PBXGroup section */
		C5FE1CD5296FC193008F888D = {
			isa = PBXGroup;
			children = (
				C5FE1CE0296FC193008F888D /* Notas */,
				C5FE1CDF296FC193008F888D /* Products */,
			);
			sourceTree = "<group>";
		};
		C5FE1CDF296FC193008F888D /* Products */ = {
			isa = PBXGroup;
			children = (
				C5FE1CDE296FC193008F888D /* Notas.app */,
			);
			name = Products;
			sourceTree = "<group>";
		};
		C5FE1CE0296FC193008F888D /* Notas */ = {
			isa = PBXGroup;
			children = (
				C5FE1CF6296FC255008F888D /* View */,
				C5FE1CF5296FC249008F888D /* ViewModel */,
				C5FE1CE1296FC193008F888D /* NotasApp.swift */,
				C5FE1CE3296FC193008F888D /* Persistence.swift */,
				C5FE1CE8296FC193008F888D /* ContentView.swift */,
				C5FE1CEA296FC195008F888D /* Assets.xcassets */,
				C5FE1CEC296FC195008F888D /* Notas.entitlements */,
				C5FE1CE5296FC193008F888D /* Notas.xcdatamodeld */,
				C5FE1CED296FC195008F888D /* Preview Content */,
			);
			path = Notas;
			sourceTree = "<group>";
		};
		C5FE1CED296FC195008F888D /* Preview Content */ = {
			isa = PBXGroup;
			children = (
				C5FE1CEE296FC195008F888D /* Preview Assets.xcassets */,
			);
			path = "Preview Content";
			sourceTree = "<group>";
		};
		C5FE1CF5296FC249008F888D /* ViewModel */ = {
			isa = PBXGroup;
			children = (
				C5FE1CF7296FC262008F888D /* ViewModel.swift */,
			);
			path = ViewModel;
			sourceTree = "<group>";
		};
		C5FE1CF6296FC255008F888D /* View */ = {
			isa = PBXGroup;
			children = (
				C5FE1CF9296FC2E8008F888D /* Home.swift */,
				C5FE1CFB296FC30D008F888D /* addView.swift */,
			);
			path = View;
			sourceTree = "<group>";
		};
/* End PBXGroup section */

/* Begin PBXNativeTarget section */
		C5FE1CDD296FC193008F888D /* Notas */ = {
			isa = PBXNativeTarget;
			buildConfigurationList = C5FE1CF2296FC195008F888D /* Build configuration list for PBXNativeTarget "Notas" */;
			buildPhases = (
				C5FE1CDA296FC193008F888D /* Sources */,
				C5FE1CDB296FC193008F888D /* Frameworks */,
				C5FE1CDC296FC193008F888D /* Resources */,
			);
			buildRules = (
			);
			dependencies = (
			);
			name = Notas;
			productName = Notas;
			productReference = C5FE1CDE296FC193008F888D /* Notas.app */;
			productType = "com.apple.product-type.application";
		};
/* End PBXNativeTarget section */

/* Begin PBXProject section */
		C5FE1CD6296FC193008F888D /* Project object */ = {
			isa = PBXProject;
			attributes = {
				BuildIndependentTargetsInParallel = 1;
				LastSwiftUpdateCheck = 1420;
				LastUpgradeCheck = 1420;
				TargetAttributes = {
					C5FE1CDD296FC193008F888D = {
						CreatedOnToolsVersion = 14.2;
					};
				};
			};
			buildConfigurationList = C5FE1CD9296FC193008F888D /* Build configuration list for PBXProject "Notas" */;
			compatibilityVersion = "Xcode 14.0";
			developmentRegion = en;
			hasScannedForEncodings = 0;
			knownRegions = (
				en,
				Base,
			);
			mainGroup = C5FE1CD5296FC193008F888D;
			productRefGroup = C5FE1CDF296FC193008F888D /* Products */;
			projectDirPath = "";
			projectRoot = "";
			targets = (
				C5FE1CDD296FC193008F888D /* Notas */,
			);
		};
/* End PBXProject section */

/* Begin PBXResourcesBuildPhase section */
		C5FE1CDC296FC193008F888D /* Resources */ = {
			isa = PBXResourcesBuildPhase;
			buildActionMask = 2147483647;
			files = (
				C5FE1CEF296FC195008F888D /* Preview Assets.xcassets in Resources */,
				C5FE1CEB296FC195008F888D /* Assets.xcassets in Resources */,
			);
			runOnlyForDeploymentPostprocessing = 0;
		};
/* End PBXResourcesBuildPhase section */

/* Begin PBXSourcesBuildPhase section */
		C5FE1CDA296FC193008F888D /* Sources */ = {
			isa = PBXSourcesBuildPhase;
			buildActionMask = 2147483647;
			files = (
				C5FE1CF8296FC262008F888D /* ViewModel.swift in Sources */,
				C5FE1CE2296FC193008F888D /* NotasApp.swift in Sources */,
				C5FE1CE7296FC193008F888D /* Notas.xcdatamodeld in Sources */,
				C5FE1CE9296FC193008F888D /* ContentView.swift in Sources */,
				C5FE1CFA296FC2E8008F888D /* Home.swift in Sources */,
				C5FE1CE4296FC193008F888D /* Persistence.swift in Sources */,
				C5FE1CFC296FC30D008F888D /* addView.swift in Sources */,
			);
			runOnlyForDeploymentPostprocessing = 0;
		};
/* End PBXSourcesBuildPhase section */

/* Begin XCBuildConfiguration section */
		C5FE1CF0296FC195008F888D /* Debug */ = {
			isa = XCBuildConfiguration;
			buildSettings = {
				ALWAYS_SEARCH_USER_PATHS = NO;
				CLANG_ANALYZER_NONNULL = YES;
				CLANG_ANALYZER_NUMBER_OBJECT_CONVERSION = YES_AGGRESSIVE;
				CLANG_CXX_LANGUAGE_STANDARD = "gnu++20";
				CLANG_ENABLE_MODULES = YES;
				CLANG_ENABLE_OBJC_ARC = YES;
				CLANG_ENABLE_OBJC_WEAK = YES;
				CLANG_WARN_BLOCK_CAPTURE_AUTORELEASING = YES;
				CLANG_WARN_BOOL_CONVERSION = YES;
				CLANG_WARN_COMMA = YES;
				CLANG_WARN_CONSTANT_CONVERSION = YES;
				CLANG_WARN_DEPRECATED_OBJC_IMPLEMENTATIONS = YES;
				CLANG_WARN_DIRECT_OBJC_ISA_USAGE = YES_ERROR;
				CLANG_WARN_DOCUMENTATION_COMMENTS = YES;
				CLANG_WARN_EMPTY_BODY = YES;
				CLANG_WARN_ENUM_CONVERSION = YES;
				CLANG_WARN_INFINITE_RECURSION = YES;
				CLANG_WARN_INT_CONVERSION = YES;
				CLANG_WARN_NON_LITERAL_NULL_CONVERSION = YES;
				CLANG_WARN_OBJC_IMPLICIT_RETAIN_SELF = YES;
				CLANG_WARN_OBJC_LITERAL_CONVERSION = YES;
				CLANG_WARN_OBJC_ROOT_CLASS = YES_ERROR;
				CLANG_WARN_QUOTED_INCLUDE_IN_FRAMEWORK_HEADER = YES;
				CLANG_WARN_RANGE_LOOP_ANALYSIS = YES;
				CLANG_WARN_STRICT_PROTOTYPES = YES;
				CLANG_WARN_SUSPICIOUS_MOVE = YES;
				CLANG_WARN_UNGUARDED_AVAILABILITY = YES_AGGRESSIVE;
				CLANG_WARN_UNREACHABLE_CODE = YES;
				CLANG_WARN__DUPLICATE_METHOD_MATCH = YES;
				COPY_PHASE_STRIP = NO;
				DEBUG_INFORMATION_FORMAT = dwarf;
				ENABLE_STRICT_OBJC_MSGSEND = YES;
				ENABLE_TESTABILITY = YES;
				GCC_C_LANGUAGE_STANDARD = gnu11;
				GCC_DYNAMIC_NO_PIC = NO;
				GCC_NO_COMMON_BLOCKS = YES;
				GCC_OPTIMIZATION_LEVEL = 0;
				GCC_PREPROCESSOR_DEFINITIONS = (
					"DEBUG=1",
					"$(inherited)",
				);
				GCC_WARN_64_TO_32_BIT_CONVERSION = YES;
				GCC_WARN_ABOUT_RETURN_TYPE = YES_ERROR;
				GCC_WARN_UNDECLARED_SELECTOR = YES;
				GCC_WARN_UNINITIALIZED_AUTOS = YES_AGGRESSIVE;
				GCC_WARN_UNUSED_FUNCTION = YES;
				GCC_WARN_UNUSED_VARIABLE = YES;
				MTL_ENABLE_DEBUG_INFO = INCLUDE_SOURCE;
				MTL_FAST_MATH = YES;
				ONLY_ACTIVE_ARCH = YES;
				SWIFT_ACTIVE_COMPILATION_CONDITIONS = DEBUG;
				SWIFT_OPTIMIZATION_LEVEL = "-Onone";
			};
			name = Debug;
		};
		C5FE1CF1296FC195008F888D /* Release */ = {
			isa = XCBuildConfiguration;
			buildSettings = {
				ALWAYS_SEARCH_USER_PATHS = NO;
				CLANG_ANALYZER_NONNULL = YES;
				CLANG_ANALYZER_NUMBER_OBJECT_CONVERSION = YES_AGGRESSIVE;
				CLANG_CXX_LANGUAGE_STANDARD = "gnu++20";
				CLANG_ENABLE_MODULES = YES;
				CLANG_ENABLE_OBJC_ARC = YES;
				CLANG_ENABLE_OBJC_WEAK = YES;
				CLANG_WARN_BLOCK_CAPTURE_AUTORELEASING = YES;
				CLANG_WARN_BOOL_CONVERSION = YES;
				CLANG_WARN_COMMA = YES;
				CLANG_WARN_CONSTANT_CONVERSION = YES;
				CLANG_WARN_DEPRECATED_OBJC_IMPLEMENTATIONS = YES;
				CLANG_WARN_DIRECT_OBJC_ISA_USAGE = YES_ERROR;
				CLANG_WARN_DOCUMENTATION_COMMENTS = YES;
				CLANG_WARN_EMPTY_BODY = YES;
				CLANG_WARN_ENUM_CONVERSION = YES;
				CLANG_WARN_INFINITE_RECURSION = YES;
				CLANG_WARN_INT_CONVERSION = YES;
				CLANG_WARN_NON_LITERAL_NULL_CONVERSION = YES;
				CLANG_WARN_OBJC_IMPLICIT_RETAIN_SELF = YES;
				CLANG_WARN_OBJC_LITERAL_CONVERSION = YES;
				CLANG_WARN_OBJC_ROOT_CLASS = YES_ERROR;
				CLANG_WARN_QUOTED_INCLUDE_IN_FRAMEWORK_HEADER = YES;
				CLANG_WARN_RANGE_LOOP_ANALYSIS = YES;
				CLANG_WARN_STRICT_PROTOTYPES = YES;
				CLANG_WARN_SUSPICIOUS_MOVE = YES;
				CLANG_WARN_UNGUARDED_AVAILABILITY = YES_AGGRESSIVE;
				CLANG_WARN_UNREACHABLE_CODE = YES;
				CLANG_WARN__DUPLICATE_METHOD_MATCH = YES;
				COPY_PHASE_STRIP = NO;
				DEBUG_INFORMATION_FORMAT = "dwarf-with-dsym";
				ENABLE_NS_ASSERTIONS = NO;
				ENABLE_STRICT_OBJC_MSGSEND = YES;
				GCC_C_LANGUAGE_STANDARD = gnu11;
				GCC_NO_COMMON_BLOCKS = YES;
				GCC_WARN_64_TO_32_BIT_CONVERSION = YES;
				GCC_WARN_ABOUT_RETURN_TYPE = YES_ERROR;
				GCC_WARN_UNDECLARED_SELECTOR = YES;
				GCC_WARN_UNINITIALIZED_AUTOS = YES_AGGRESSIVE;
				GCC_WARN_UNUSED_FUNCTION = YES;
				GCC_WARN_UNUSED_VARIABLE = YES;
				MTL_ENABLE_DEBUG_INFO = NO;
				MTL_FAST_MATH = YES;
				SWIFT_COMPILATION_MODE = wholemodule;
				SWIFT_OPTIMIZATION_LEVEL = "-O";
			};
			name = Release;
		};
		C5FE1CF3296FC195008F888D /* Debug */ = {
			isa = XCBuildConfiguration;
			buildSettings = {
				ASSETCATALOG_COMPILER_APPICON_NAME = AppIcon;
				ASSETCATALOG_COMPILER_GLOBAL_ACCENT_COLOR_NAME = AccentColor;
				CODE_SIGN_ENTITLEMENTS = Notas/Notas.entitlements;
				CODE_SIGN_STYLE = Automatic;
				CURRENT_PROJECT_VERSION = 1;
				DEVELOPMENT_ASSET_PATHS = "\"Notas/Preview Content\"";
				DEVELOPMENT_TEAM = 6YB55BKC3X;
				ENABLE_HARDENED_RUNTIME = YES;
				ENABLE_PREVIEWS = YES;
				GENERATE_INFOPLIST_FILE = YES;
				"INFOPLIST_KEY_UIApplicationSceneManifest_Generation[sdk=iphoneos*]" = YES;
				"INFOPLIST_KEY_UIApplicationSceneManifest_Generation[sdk=iphonesimulator*]" = YES;
				"INFOPLIST_KEY_UIApplicationSupportsIndirectInputEvents[sdk=iphoneos*]" = YES;
				"INFOPLIST_KEY_UIApplicationSupportsIndirectInputEvents[sdk=iphonesimulator*]" = YES;
				"INFOPLIST_KEY_UILaunchScreen_Generation[sdk=iphoneos*]" = YES;
				"INFOPLIST_KEY_UILaunchScreen_Generation[sdk=iphonesimulator*]" = YES;
				"INFOPLIST_KEY_UIStatusBarStyle[sdk=iphoneos*]" = UIStatusBarStyleDefault;
				"INFOPLIST_KEY_UIStatusBarStyle[sdk=iphonesimulator*]" = UIStatusBarStyleDefault;
				INFOPLIST_KEY_UISupportedInterfaceOrientations_iPad = "UIInterfaceOrientationPortrait UIInterfaceOrientationPortraitUpsideDown UIInterfaceOrientationLandscapeLeft UIInterfaceOrientationLandscapeRight";
				INFOPLIST_KEY_UISupportedInterfaceOrientations_iPhone = "UIInterfaceOrientationPortrait UIInterfaceOrientationLandscapeLeft UIInterfaceOrientationLandscapeRight";
				IPHONEOS_DEPLOYMENT_TARGET = 16.2;
				LD_RUNPATH_SEARCH_PATHS = "@executable_path/Frameworks";
				"LD_RUNPATH_SEARCH_PATHS[sdk=macosx*]" = "@executable_path/../Frameworks";
				MACOSX_DEPLOYMENT_TARGET = 13.1;
				MARKETING_VERSION = 1.0;
				PRODUCT_BUNDLE_IDENTIFIER = com.charlye934.Notas;
				PRODUCT_NAME = "$(TARGET_NAME)";
				SDKROOT = auto;
				SUPPORTED_PLATFORMS = "iphoneos iphonesimulator macosx";
				SWIFT_EMIT_LOC_STRINGS = YES;
				SWIFT_VERSION = 5.0;
				TARGETED_DEVICE_FAMILY = "1,2";
			};
			name = Debug;
		};
		C5FE1CF4296FC195008F888D /* Release */ = {
			isa = XCBuildConfiguration;
			buildSettings = {
				ASSETCATALOG_COMPILER_APPICON_NAME = AppIcon;
				ASSETCATALOG_COMPILER_GLOBAL_ACCENT_COLOR_NAME = AccentColor;
				CODE_SIGN_ENTITLEMENTS = Notas/Notas.entitlements;
				CODE_SIGN_STYLE = Automatic;
				CURRENT_PROJECT_VERSION = 1;
				DEVELOPMENT_ASSET_PATHS = "\"Notas/Preview Content\"";
				DEVELOPMENT_TEAM = 6YB55BKC3X;
				ENABLE_HARDENED_RUNTIME = YES;
				ENABLE_PREVIEWS = YES;
				GENERATE_INFOPLIST_FILE = YES;
				"INFOPLIST_KEY_UIApplicationSceneManifest_Generation[sdk=iphoneos*]" = YES;
				"INFOPLIST_KEY_UIApplicationSceneManifest_Generation[sdk=iphonesimulator*]" = YES;
				"INFOPLIST_KEY_UIApplicationSupportsIndirectInputEvents[sdk=iphoneos*]" = YES;
				"INFOPLIST_KEY_UIApplicationSupportsIndirectInputEvents[sdk=iphonesimulator*]" = YES;
				"INFOPLIST_KEY_UILaunchScreen_Generation[sdk=iphoneos*]" = YES;
				"INFOPLIST_KEY_UILaunchScreen_Generation[sdk=iphonesimulator*]" = YES;
				"INFOPLIST_KEY_UIStatusBarStyle[sdk=iphoneos*]" = UIStatusBarStyleDefault;
				"INFOPLIST_KEY_UIStatusBarStyle[sdk=iphonesimulator*]" = UIStatusBarStyleDefault;
				INFOPLIST_KEY_UISupportedInterfaceOrientations_iPad = "UIInterfaceOrientationPortrait UIInterfaceOrientationPortraitUpsideDown UIInterfaceOrientationLandscapeLeft UIInterfaceOrientationLandscapeRight";
				INFOPLIST_KEY_UISupportedInterfaceOrientations_iPhone = "UIInterfaceOrientationPortrait UIInterfaceOrientationLandscapeLeft UIInterfaceOrientationLandscapeRight";
				IPHONEOS_DEPLOYMENT_TARGET = 16.2;
				LD_RUNPATH_SEARCH_PATHS = "@executable_path/Frameworks";
				"LD_RUNPATH_SEARCH_PATHS[sdk=macosx*]" = "@executable_path/../Frameworks";
				MACOSX_DEPLOYMENT_TARGET = 13.1;
				MARKETING_VERSION = 1.0;
				PRODUCT_BUNDLE_IDENTIFIER = com.charlye934.Notas;
				PRODUCT_NAME = "$(TARGET_NAME)";
				SDKROOT = auto;
				SUPPORTED_PLATFORMS = "iphoneos iphonesimulator macosx";
				SWIFT_EMIT_LOC_STRINGS = YES;
				SWIFT_VERSION = 5.0;
				TARGETED_DEVICE_FAMILY = "1,2";
			};
			name = Release;
		};
/* End XCBuildConfiguration section */

/* Begin XCConfigurationList section */
		C5FE1CD9296FC193008F888D /* Build configuration list for PBXProject "Notas" */ = {
			isa = XCConfigurationList;
			buildConfigurations = (
				C5FE1CF0296FC195008F888D /* Debug */,
				C5FE1CF1296FC195008F888D /* Release */,
			);
			defaultConfigurationIsVisible = 0;
			defaultConfigurationName = Release;
		};
		C5FE1CF2296FC195008F888D /* Build configuration list for PBXNativeTarget "Notas" */ = {
			isa = XCConfigurationList;
			buildConfigurations = (
				C5FE1CF3296FC195008F888D /* Debug */,
				C5FE1CF4296FC195008F888D /* Release */,
			);
			defaultConfigurationIsVisible = 0;
			defaultConfigurationName = Release;
		};
/* End XCConfigurationList section */

/* Begin XCVersionGroup section */
		C5FE1CE5296FC193008F888D /* Notas.xcdatamodeld */ = {
			isa = XCVersionGroup;
			children = (
				C5FE1CE6296FC193008F888D /* Notas.xcdatamodel */,
			);
			currentVersion = C5FE1CE6296FC193008F888D /* Notas.xcdatamodel */;
			path = Notas.xcdatamodeld;
			sourceTree = "<group>";
			versionGroupType = wrapper.xcdatamodel;
		};
/* End XCVersionGroup section */
	};
	rootObject = C5FE1CD6296FC193008F888D /* Project object */;
}
